
Microsoft Visual Studio Solution File, Format Version 11.00
# Visual Studio 2010
Project("{FAE04EC0-301F-11D3-BF4B-00C04F79EFBC}") = "crappylovers", "Assembly-CSharp.csproj", "{CBCA6E28-67A7-1A3D-F55A-6F9B99D01CEA}"
EndProject
Project("{FAE04EC0-301F-11D3-BF4B-00C04F79EFBC}") = "crappylovers", "Assembly-CSharp-Editor.csproj", "{7DD87019-0EC7-883F-D873-384EDDEF01EE}"
EndProject
Global
	GlobalSection(SolutionConfigurationPlatforms) = preSolution
		Debug|Any CPU = Debug|Any CPU
		Release|Any CPU = Release|Any CPU
	EndGlobalSection
	GlobalSection(ProjectConfigurationPlatforms) = postSolution
		{CBCA6E28-67A7-1A3D-F55A-6F9B99D01CEA}.Debug|Any CPU.ActiveCfg = Debug|Any CPU
		{CBCA6E28-67A7-1A3D-F55A-6F9B99D01CEA}.Debug|Any CPU.Build.0 = Debug|Any CPU
		{CBCA6E28-67A7-1A3D-F55A-6F9B99D01CEA}.Release|Any CPU.ActiveCfg = Release|Any CPU
		{CBCA6E28-67A7-1A3D-F55A-6F9B99D01CEA}.Release|Any CPU.Build.0 = Release|Any CPU
		{7DD87019-0EC7-883F-D873-384EDDEF01EE}.Debug|Any CPU.ActiveCfg = Debug|Any CPU
		{7DD87019-0EC7-883F-D873-384EDDEF01EE}.Debug|Any CPU.Build.0 = Debug|Any CPU
		{7DD87019-0EC7-883F-D873-384EDDEF01EE}.Release|Any CPU.ActiveCfg = Release|Any CPU
		{7DD87019-0EC7-883F-D873-384EDDEF01EE}.Release|Any CPU.Build.0 = Release|Any CPU
	EndGlobalSection
	GlobalSection(SolutionProperties) = preSolution
		HideSolutionNode = FALSE
	EndGlobalSection
	GlobalSection(MonoDevelopProperties) = preSolution
		StartupItem = Assembly-CSharp.csproj
	EndGlobalSection
EndGlobal
